// !$*UTF8*$!
{
	archiveVersion = 1;
	classes = {
	};
	objectVersion = 46;
	objects = {

/* Begin PBXBuildFile section */
		B94E7AE415F5AB0900BEEB53 /* Utility.cpp in Sources */ = {isa = PBXBuildFile; fileRef = B94E7AE015F5AB0800BEEB53 /* Utility.cpp */; };
		B94E7AE515F5AB0900BEEB53 /* Vector.cpp in Sources */ = {isa = PBXBuildFile; fileRef = B94E7AE215F5AB0800BEEB53 /* Vector.cpp */; };
		B94E7AED15F5BC0200BEEB53 /* physical_world.cpp in Sources */ = {isa = PBXBuildFile; fileRef = B94E7AEC15F5BC0200BEEB53 /* physical_world.cpp */; };
		B99FCB9915E71FD10048BBBA /* main.cpp in Sources */ = {isa = PBXBuildFile; fileRef = B99FCB9815E71FD10048BBBA /* main.cpp */; };
		B99FCB9B15E71FD10048BBBA /* PhysicalAnimation.1 in CopyFiles */ = {isa = PBXBuildFile; fileRef = B99FCB9A15E71FD10048BBBA /* PhysicalAnimation.1 */; };
		B99FCBA615E726C60048BBBA /* GLUT.framework in Frameworks */ = {isa = PBXBuildFile; fileRef = B99FCBA515E726C60048BBBA /* GLUT.framework */; };
		B99FCBA915E726D10048BBBA /* OpenGL.framework in Frameworks */ = {isa = PBXBuildFile; fileRef = B99FCBA815E726D10048BBBA /* OpenGL.framework */; };
/* End PBXBuildFile section */

/* Begin PBXCopyFilesBuildPhase section */
		B99FCB9215E71FD10048BBBA /* CopyFiles */ = {
			isa = PBXCopyFilesBuildPhase;
			buildActionMask = 2147483647;
			dstPath = /usr/share/man/man1/;
			dstSubfolderSpec = 0;
			files = (
				B99FCB9B15E71FD10048BBBA /* PhysicalAnimation.1 in CopyFiles */,
			);
			runOnlyForDeploymentPostprocessing = 1;
		};
/* End PBXCopyFilesBuildPhase section */

/* Begin PBXFileReference section */
		B94E7AE015F5AB0800BEEB53 /* Utility.cpp */ = {isa = PBXFileReference; fileEncoding = 4; lastKnownFileType = sourcecode.cpp.cpp; path = Utility.cpp; sourceTree = "<group>"; };
		B94E7AE115F5AB0800BEEB53 /* Utility.h */ = {isa = PBXFileReference; fileEncoding = 4; lastKnownFileType = sourcecode.c.h; path = Utility.h; sourceTree = "<group>"; };
		B94E7AE215F5AB0800BEEB53 /* Vector.cpp */ = {isa = PBXFileReference; fileEncoding = 4; lastKnownFileType = sourcecode.cpp.cpp; path = Vector.cpp; sourceTree = "<group>"; };
		B94E7AE315F5AB0800BEEB53 /* Vector.h */ = {isa = PBXFileReference; fileEncoding = 4; lastKnownFileType = sourcecode.c.h; path = Vector.h; sourceTree = "<group>"; };
		B94E7AE715F5ADFF00BEEB53 /* definitions.h */ = {isa = PBXFileReference; lastKnownFileType = sourcecode.c.h; path = definitions.h; sourceTree = "<group>"; };
		B94E7AE815F5AEB900BEEB53 /* animation_math-inl.h */ = {isa = PBXFileReference; lastKnownFileType = sourcecode.c.h; path = "animation_math-inl.h"; sourceTree = "<group>"; };
		B94E7AEB15F5B79200BEEB53 /* physical_world.h */ = {isa = PBXFileReference; lastKnownFileType = sourcecode.c.h; path = physical_world.h; sourceTree = "<group>"; };
		B94E7AEC15F5BC0200BEEB53 /* physical_world.cpp */ = {isa = PBXFileReference; fileEncoding = 4; lastKnownFileType = sourcecode.cpp.cpp; path = physical_world.cpp; sourceTree = "<group>"; };
		B99FCB9415E71FD10048BBBA /* PhysicalAnimation */ = {isa = PBXFileReference; explicitFileType = "compiled.mach-o.executable"; includeInIndex = 0; path = PhysicalAnimation; sourceTree = BUILT_PRODUCTS_DIR; };
		B99FCB9815E71FD10048BBBA /* main.cpp */ = {isa = PBXFileReference; indentWidth = 2; lastKnownFileType = sourcecode.cpp.cpp; path = main.cpp; sourceTree = "<group>"; tabWidth = 2; };
		B99FCB9A15E71FD10048BBBA /* PhysicalAnimation.1 */ = {isa = PBXFileReference; lastKnownFileType = text.man; path = PhysicalAnimation.1; sourceTree = "<group>"; };
		B99FCBA515E726C60048BBBA /* GLUT.framework */ = {isa = PBXFileReference; lastKnownFileType = wrapper.framework; name = GLUT.framework; path = System/Library/Frameworks/GLUT.framework; sourceTree = SDKROOT; };
		B99FCBA815E726D10048BBBA /* OpenGL.framework */ = {isa = PBXFileReference; lastKnownFileType = wrapper.framework; name = OpenGL.framework; path = System/Library/Frameworks/OpenGL.framework; sourceTree = SDKROOT; };
		B9EDEAC015F5C42A00B655F8 /* objects.h */ = {isa = PBXFileReference; lastKnownFileType = sourcecode.c.h; path = objects.h; sourceTree = "<group>"; };
/* End PBXFileReference section */

/* Begin PBXFrameworksBuildPhase section */
		B99FCB9115E71FD10048BBBA /* Frameworks */ = {
			isa = PBXFrameworksBuildPhase;
			buildActionMask = 2147483647;
			files = (
				B99FCBA915E726D10048BBBA /* OpenGL.framework in Frameworks */,
				B99FCBA615E726C60048BBBA /* GLUT.framework in Frameworks */,
			);
			runOnlyForDeploymentPostprocessing = 0;
		};
/* End PBXFrameworksBuildPhase section */

/* Begin PBXGroup section */
		B99FCB8915E71FD10048BBBA = {
			isa = PBXGroup;
			children = (
				B99FCBA815E726D10048BBBA /* OpenGL.framework */,
				B99FCBA515E726C60048BBBA /* GLUT.framework */,
				B99FCB9715E71FD10048BBBA /* PhysicalAnimation */,
				B99FCB9515E71FD10048BBBA /* Products */,
			);
			sourceTree = "<group>";
			usesTabs = 0;
		};
		B99FCB9515E71FD10048BBBA /* Products */ = {
			isa = PBXGroup;
			children = (
				B99FCB9415E71FD10048BBBA /* PhysicalAnimation */,
			);
			name = Products;
			sourceTree = "<group>";
		};
		B99FCB9715E71FD10048BBBA /* PhysicalAnimation */ = {
			isa = PBXGroup;
			children = (
				B94E7AE015F5AB0800BEEB53 /* Utility.cpp */,
				B94E7AE115F5AB0800BEEB53 /* Utility.h */,
				B94E7AE215F5AB0800BEEB53 /* Vector.cpp */,
				B94E7AE315F5AB0800BEEB53 /* Vector.h */,
				B99FCB9815E71FD10048BBBA /* main.cpp */,
				B99FCB9A15E71FD10048BBBA /* PhysicalAnimation.1 */,
				B94E7AE715F5ADFF00BEEB53 /* definitions.h */,
				B94E7AE815F5AEB900BEEB53 /* animation_math-inl.h */,
				B94E7AEB15F5B79200BEEB53 /* physical_world.h */,
				B94E7AEC15F5BC0200BEEB53 /* physical_world.cpp */,
				B9EDEAC015F5C42A00B655F8 /* objects.h */,
			);
			path = PhysicalAnimation;
			sourceTree = "<group>";
		};
/* End PBXGroup section */

/* Begin PBXNativeTarget section */
		B99FCB9315E71FD10048BBBA /* PhysicalAnimation */ = {
			isa = PBXNativeTarget;
			buildConfigurationList = B99FCB9E15E71FD10048BBBA /* Build configuration list for PBXNativeTarget "PhysicalAnimation" */;
			buildPhases = (
				B99FCB9015E71FD10048BBBA /* Sources */,
				B99FCB9115E71FD10048BBBA /* Frameworks */,
				B99FCB9215E71FD10048BBBA /* CopyFiles */,
			);
			buildRules = (
			);
			dependencies = (
			);
			name = PhysicalAnimation;
			productName = PhysicalAnimation;
			productReference = B99FCB9415E71FD10048BBBA /* PhysicalAnimation */;
			productType = "com.apple.product-type.tool";
		};
/* End PBXNativeTarget section */

/* Begin PBXProject section */
		B99FCB8B15E71FD10048BBBA /* Project object */ = {
			isa = PBXProject;
			attributes = {
				LastUpgradeCheck = 0440;
				ORGANIZATIONNAME = "Julian Wu";
			};
			buildConfigurationList = B99FCB8E15E71FD10048BBBA /* Build configuration list for PBXProject "PhysicalAnimation" */;
			compatibilityVersion = "Xcode 3.2";
			developmentRegion = English;
			hasScannedForEncodings = 0;
			knownRegions = (
				en,
			);
			mainGroup = B99FCB8915E71FD10048BBBA;
			productRefGroup = B99FCB9515E71FD10048BBBA /* Products */;
			projectDirPath = "";
			projectRoot = "";
			targets = (
				B99FCB9315E71FD10048BBBA /* PhysicalAnimation */,
			);
		};
/* End PBXProject section */

/* Begin PBXSourcesBuildPhase section */
		B99FCB9015E71FD10048BBBA /* Sources */ = {
			isa = PBXSourcesBuildPhase;
			buildActionMask = 2147483647;
			files = (
				B99FCB9915E71FD10048BBBA /* main.cpp in Sources */,
				B94E7AE415F5AB0900BEEB53 /* Utility.cpp in Sources */,
				B94E7AE515F5AB0900BEEB53 /* Vector.cpp in Sources */,
				B94E7AED15F5BC0200BEEB53 /* physical_world.cpp in Sources */,
			);
			runOnlyForDeploymentPostprocessing = 0;
		};
/* End PBXSourcesBuildPhase section */

/* Begin XCBuildConfiguration section */
		B99FCB9C15E71FD10048BBBA /* Debug */ = {
			isa = XCBuildConfiguration;
			buildSettings = {
				ALWAYS_SEARCH_USER_PATHS = NO;
				ARCHS = "$(ARCHS_STANDARD_64_BIT)";
				CLANG_CXX_LANGUAGE_STANDARD = "gnu++0x";
				CLANG_ENABLE_OBJC_ARC = YES;
				CLANG_WARN__DUPLICATE_METHOD_MATCH = YES;
				COPY_PHASE_STRIP = NO;
				GCC_C_LANGUAGE_STANDARD = gnu99;
				GCC_DYNAMIC_NO_PIC = NO;
				GCC_ENABLE_OBJC_EXCEPTIONS = YES;
				GCC_OPTIMIZATION_LEVEL = 0;
				GCC_PREPROCESSOR_DEFINITIONS = (
					"DEBUG=1",
					"$(inherited)",
				);
				GCC_SYMBOLS_PRIVATE_EXTERN = NO;
				GCC_WARN_64_TO_32_BIT_CONVERSION = YES;
				GCC_WARN_ABOUT_RETURN_TYPE = YES;
				GCC_WARN_UNINITIALIZED_AUTOS = YES;
				GCC_WARN_UNUSED_VARIABLE = YES;
				MACOSX_DEPLOYMENT_TARGET = 10.8;
				ONLY_ACTIVE_ARCH = YES;
				SDKROOT = macosx;
			};
			name = Debug;
		};
		B99FCB9D15E71FD10048BBBA /* Release */ = {
			isa = XCBuildConfiguration;
			buildSettings = {
				ALWAYS_SEARCH_USER_PATHS = NO;
				ARCHS = "$(ARCHS_STANDARD_64_BIT)";
				CLANG_CXX_LANGUAGE_STANDARD = "gnu++0x";
				CLANG_ENABLE_OBJC_ARC = YES;
				CLANG_WARN__DUPLICATE_METHOD_MATCH = YES;
				COPY_PHASE_STRIP = YES;
				DEBUG_INFORMATION_FORMAT = "dwarf-with-dsym";
				GCC_C_LANGUAGE_STANDARD = gnu99;
				GCC_ENABLE_OBJC_EXCEPTIONS = YES;
				GCC_WARN_64_TO_32_BIT_CONVERSION = YES;
				GCC_WARN_ABOUT_RETURN_TYPE = YES;
				GCC_WARN_UNINITIALIZED_AUTOS = YES;
				GCC_WARN_UNUSED_VARIABLE = YES;
				MACOSX_DEPLOYMENT_TARGET = 10.8;
				SDKROOT = macosx;
			};
			name = Release;
		};
		B99FCB9F15E71FD10048BBBA /* Debug */ = {
			isa = XCBuildConfiguration;
			buildSettings = {
				PRODUCT_NAME = "$(TARGET_NAME)";
			};
			name = Debug;
		};
		B99FCBA015E71FD10048BBBA /* Release */ = {
			isa = XCBuildConfiguration;
			buildSettings = {
				PRODUCT_NAME = "$(TARGET_NAME)";
			};
			name = Release;
		};
/* End XCBuildConfiguration section */

/* Begin XCConfigurationList section */
		B99FCB8E15E71FD10048BBBA /* Build configuration list for PBXProject "PhysicalAnimation" */ = {
			isa = XCConfigurationList;
			buildConfigurations = (
				B99FCB9C15E71FD10048BBBA /* Debug */,
				B99FCB9D15E71FD10048BBBA /* Release */,
			);
			defaultConfigurationIsVisible = 0;
			defaultConfigurationName = Release;
		};
		B99FCB9E15E71FD10048BBBA /* Build configuration list for PBXNativeTarget "PhysicalAnimation" */ = {
			isa = XCConfigurationList;
			buildConfigurations = (
				B99FCB9F15E71FD10048BBBA /* Debug */,
				B99FCBA015E71FD10048BBBA /* Release */,
			);
			defaultConfigurationIsVisible = 0;
			defaultConfigurationName = Release;
		};
/* End XCConfigurationList section */
	};
	rootObject = B99FCB8B15E71FD10048BBBA /* Project object */;
}
